
Microsoft Visual Studio Solution File, Format Version 12.00
# Visual Studio 15
Project("{FAE04EC0-301F-11D3-BF4B-00C04F79EFBC}") = "Assembly-CSharp", "Assembly-CSharp.csproj", "{18A4CA48-006E-F514-F550-D87DD4973737}"
EndProject
Global
	GlobalSection(SolutionConfigurationPlatforms) = preSolution
		Debug|Any CPU = Debug|Any CPU
		Release|Any CPU = Release|Any CPU
	EndGlobalSection
	GlobalSection(ProjectConfigurationPlatforms) = postSolution
		{18A4CA48-006E-F514-F550-D87DD4973737}.Debug|Any CPU.ActiveCfg = Debug|Any CPU
		{18A4CA48-006E-F514-F550-D87DD4973737}.Debug|Any CPU.Build.0 = Debug|Any CPU
		{18A4CA48-006E-F514-F550-D87DD4973737}.Release|Any CPU.ActiveCfg = Release|Any CPU
		{18A4CA48-006E-F514-F550-D87DD4973737}.Release|Any CPU.Build.0 = Release|Any CPU
	EndGlobalSection
	GlobalSection(SolutionProperties) = preSolution
		HideSolutionNode = FALSE
	EndGlobalSection
EndGlobal
